
Microsoft Visual Studio Solution File, Format Version 12.00
# Visual Studio Version 16
VisualStudioVersion = 16.0.29613.14
MinimumVisualStudioVersion = 10.0.40219.1
Project("{FAE04EC0-301F-11D3-BF4B-00C04F79EFBC}") = "DSLOG-Reader 2", "DSLOG-Reader 2\DSLOG-Reader 2.csproj", "{DA4B05A5-14FB-47D0-97C6-EE6E778BB812}"
EndProject
Project("{FAE04EC0-301F-11D3-BF4B-00C04F79EFBC}") = "DSLOG-Reader-Library", "DSLOG-Reader-Library\DSLOG-Reader-Library.csproj", "{67C94DF8-122E-41E5-96C3-9DCE4FBE0F95}"
EndProject
Global
	GlobalSection(SolutionConfigurationPlatforms) = preSolution
		Debug|Any CPU = Debug|Any CPU
		Release|Any CPU = Release|Any CPU
	EndGlobalSection
	GlobalSection(ProjectConfigurationPlatforms) = postSolution
		{DA4B05A5-14FB-47D0-97C6-EE6E778BB812}.Debug|Any CPU.ActiveCfg = Debug|Any CPU
		{DA4B05A5-14FB-47D0-97C6-EE6E778BB812}.Debug|Any CPU.Build.0 = Debug|Any CPU
		{DA4B05A5-14FB-47D0-97C6-EE6E778BB812}.Release|Any CPU.ActiveCfg = Release|Any CPU
		{DA4B05A5-14FB-47D0-97C6-EE6E778BB812}.Release|Any CPU.Build.0 = Release|Any CPU
		{67C94DF8-122E-41E5-96C3-9DCE4FBE0F95}.Debug|Any CPU.ActiveCfg = Debug|Any CPU
		{67C94DF8-122E-41E5-96C3-9DCE4FBE0F95}.Debug|Any CPU.Build.0 = Debug|Any CPU
		{67C94DF8-122E-41E5-96C3-9DCE4FBE0F95}.Release|Any CPU.ActiveCfg = Release|Any CPU
		{67C94DF8-122E-41E5-96C3-9DCE4FBE0F95}.Release|Any CPU.Build.0 = Release|Any CPU
	EndGlobalSection
	GlobalSection(SolutionProperties) = preSolution
		HideSolutionNode = FALSE
	EndGlobalSection
	GlobalSection(ExtensibilityGlobals) = postSolution
		SolutionGuid = {AB173946-9ACF-4E65-AC79-50B690C13D6F}
	EndGlobalSection
EndGlobal
