
Microsoft Visual Studio Solution File, Format Version 12.00
# Visual Studio Version 17
VisualStudioVersion = 17.1.32210.238
MinimumVisualStudioVersion = 10.0.40219.1
Project("{FAE04EC0-301F-11D3-BF4B-00C04F79EFBC}") = "DSLOG-Reader 2", "DSLOG-Reader 2\DSLOG-Reader 2.csproj", "{DA4B05A5-14FB-47D0-97C6-EE6E778BB812}"
EndProject
Project("{9A19103F-16F7-4668-BE54-9A1E7A4F7556}") = "DSLOG-Reader-Library", "DSLOG-Reader-Library\DSLOG-Reader-Library.csproj", "{67C94DF8-122E-41E5-96C3-9DCE4FBE0F95}"
EndProject
Project("{FAE04EC0-301F-11D3-BF4B-00C04F79EFBC}") = "DSLOGMatchCollector", "DSLOGMatchCollector\DSLOGMatchCollector.csproj", "{E24BF8DA-6DF2-476F-9D3E-CB34D55506C5}"
EndProject
Project("{FAE04EC0-301F-11D3-BF4B-00C04F79EFBC}") = "DSLOG-Reader-Tests", "DSLOG-Reader-Tests\DSLOG-Reader-Tests.csproj", "{13B8F34F-B775-434F-A5DB-B7E01A09AB30}"
EndProject
Global
	GlobalSection(SolutionConfigurationPlatforms) = preSolution
		Debug|Any CPU = Debug|Any CPU
		Release|Any CPU = Release|Any CPU
	EndGlobalSection
	GlobalSection(ProjectConfigurationPlatforms) = postSolution
		{DA4B05A5-14FB-47D0-97C6-EE6E778BB812}.Debug|Any CPU.ActiveCfg = Debug|Any CPU
		{DA4B05A5-14FB-47D0-97C6-EE6E778BB812}.Debug|Any CPU.Build.0 = Debug|Any CPU
		{DA4B05A5-14FB-47D0-97C6-EE6E778BB812}.Release|Any CPU.ActiveCfg = Release|Any CPU
		{DA4B05A5-14FB-47D0-97C6-EE6E778BB812}.Release|Any CPU.Build.0 = Release|Any CPU
		{67C94DF8-122E-41E5-96C3-9DCE4FBE0F95}.Debug|Any CPU.ActiveCfg = Debug|Any CPU
		{67C94DF8-122E-41E5-96C3-9DCE4FBE0F95}.Debug|Any CPU.Build.0 = Debug|Any CPU
		{67C94DF8-122E-41E5-96C3-9DCE4FBE0F95}.Release|Any CPU.ActiveCfg = Release|Any CPU
		{67C94DF8-122E-41E5-96C3-9DCE4FBE0F95}.Release|Any CPU.Build.0 = Release|Any CPU
		{E24BF8DA-6DF2-476F-9D3E-CB34D55506C5}.Debug|Any CPU.ActiveCfg = Debug|Any CPU
		{E24BF8DA-6DF2-476F-9D3E-CB34D55506C5}.Debug|Any CPU.Build.0 = Debug|Any CPU
		{E24BF8DA-6DF2-476F-9D3E-CB34D55506C5}.Release|Any CPU.ActiveCfg = Release|Any CPU
		{E24BF8DA-6DF2-476F-9D3E-CB34D55506C5}.Release|Any CPU.Build.0 = Release|Any CPU
		{13B8F34F-B775-434F-A5DB-B7E01A09AB30}.Debug|Any CPU.ActiveCfg = Debug|Any CPU
		{13B8F34F-B775-434F-A5DB-B7E01A09AB30}.Debug|Any CPU.Build.0 = Debug|Any CPU
		{13B8F34F-B775-434F-A5DB-B7E01A09AB30}.Release|Any CPU.ActiveCfg = Release|Any CPU
		{13B8F34F-B775-434F-A5DB-B7E01A09AB30}.Release|Any CPU.Build.0 = Release|Any CPU
	EndGlobalSection
	GlobalSection(SolutionProperties) = preSolution
		HideSolutionNode = FALSE
	EndGlobalSection
	GlobalSection(ExtensibilityGlobals) = postSolution
		SolutionGuid = {AB173946-9ACF-4E65-AC79-50B690C13D6F}
	EndGlobalSection
EndGlobal
